Microsoft Visual Studio Solution File, Format Version 12.00
# Visual Studio Version 17
VisualStudioVersion = 17.5.2.0
MinimumVisualStudioVersion = 10.0.40219.1
Project("{FAE04EC0-301F-11D3-BF4B-00C04F79EFBC}") = "RKIS_LAB_02", "RKIS_LAB_02.csproj", "{FED9E34A-13EA-8412-90F1-1FEC66DA2148}"
EndProject
Global
	GlobalSection(SolutionConfigurationPlatforms) = preSolution
		Debug|Any CPU = Debug|Any CPU
		Release|Any CPU = Release|Any CPU
	EndGlobalSection
	GlobalSection(ProjectConfigurationPlatforms) = postSolution
		{FED9E34A-13EA-8412-90F1-1FEC66DA2148}.Debug|Any CPU.ActiveCfg = Debug|Any CPU
		{FED9E34A-13EA-8412-90F1-1FEC66DA2148}.Debug|Any CPU.Build.0 = Debug|Any CPU
		{FED9E34A-13EA-8412-90F1-1FEC66DA2148}.Release|Any CPU.ActiveCfg = Release|Any CPU
		{FED9E34A-13EA-8412-90F1-1FEC66DA2148}.Release|Any CPU.Build.0 = Release|Any CPU
	EndGlobalSection
	GlobalSection(SolutionProperties) = preSolution
		HideSolutionNode = FALSE
	EndGlobalSection
	GlobalSection(ExtensibilityGlobals) = postSolution
		SolutionGuid = {8B1BE95E-0979-446F-A255-D256D37072D0}
	EndGlobalSection
EndGlobal
